
Microsoft Visual Studio Solution File, Format Version 12.00
# Visual Studio Version 16
VisualStudioVersion = 16.0.30225.117
MinimumVisualStudioVersion = 10.0.40219.1
Project("{FAE04EC0-301F-11D3-BF4B-00C04F79EFBC}") = "GitHubContentUtility", "GitHubContentUtility\GitHubContentUtility.csproj", "{E2BAF223-0D3F-4C6D-8BDF-C5AB1F06B123}"
EndProject
Global
	GlobalSection(SolutionConfigurationPlatforms) = preSolution
		Debug|Any CPU = Debug|Any CPU
		Release|Any CPU = Release|Any CPU
	EndGlobalSection
	GlobalSection(ProjectConfigurationPlatforms) = postSolution
		{E2BAF223-0D3F-4C6D-8BDF-C5AB1F06B123}.Debug|Any CPU.ActiveCfg = Debug|Any CPU
		{E2BAF223-0D3F-4C6D-8BDF-C5AB1F06B123}.Debug|Any CPU.Build.0 = Debug|Any CPU
		{E2BAF223-0D3F-4C6D-8BDF-C5AB1F06B123}.Release|Any CPU.ActiveCfg = Release|Any CPU
		{E2BAF223-0D3F-4C6D-8BDF-C5AB1F06B123}.Release|Any CPU.Build.0 = Release|Any CPU
	EndGlobalSection
	GlobalSection(SolutionProperties) = preSolution
		HideSolutionNode = FALSE
	EndGlobalSection
	GlobalSection(ExtensibilityGlobals) = postSolution
		SolutionGuid = {7668B029-ECD6-4D2E-A3F3-436E8B8497D6}
	EndGlobalSection
EndGlobal
